// !$*UTF8*$!
{
	archiveVersion = 1;
	classes = {
	};
	objectVersion = 77;
	objects = {

/* Begin PBXContainerItemProxy section */
		4D6CBB082CBB99BF00514D35 /* PBXContainerItemProxy */ = {
			isa = PBXContainerItemProxy;
			containerPortal = 4D6CBAEF2CBB99BC00514D35 /* Project object */;
			proxyType = 1;
			remoteGlobalIDString = 4D6CBAF62CBB99BC00514D35;
			remoteInfo = "Tribal Schedule";
		};
		4D6CBB122CBB99BF00514D35 /* PBXContainerItemProxy */ = {
			isa = PBXContainerItemProxy;
			containerPortal = 4D6CBAEF2CBB99BC00514D35 /* Project object */;
			proxyType = 1;
			remoteGlobalIDString = 4D6CBAF62CBB99BC00514D35;
			remoteInfo = "Tribal Schedule";
		};
/* End PBXContainerItemProxy section */

/* Begin PBXFileReference section */
		4D3F18EA2CBC501E00079F53 /* Tribal Schedule.app */ = {isa = PBXFileReference; explicitFileType = wrapper.application; includeInIndex = 0; path = "Tribal Schedule.app"; sourceTree = BUILT_PRODUCTS_DIR; };
		4D3F18EB2CBC501E00079F53 /* Tribal ScheduleTests.xctest */ = {isa = PBXFileReference; explicitFileType = wrapper.cfbundle; includeInIndex = 0; path = "Tribal ScheduleTests.xctest"; sourceTree = BUILT_PRODUCTS_DIR; };
		4D3F18EC2CBC501E00079F53 /* Tribal ScheduleUITests.xctest */ = {isa = PBXFileReference; explicitFileType = wrapper.cfbundle; includeInIndex = 0; path = "Tribal ScheduleUITests.xctest"; sourceTree = BUILT_PRODUCTS_DIR; };
/* End PBXFileReference section */

/* Begin PBXFileSystemSynchronizedRootGroup section */
		4D6CBAF92CBB99BC00514D35 /* Tribal Schedule */ = {
			isa = PBXFileSystemSynchronizedRootGroup;
			path = "Tribal Schedule";
			sourceTree = "<group>";
		};
		4D6CBB0A2CBB99BF00514D35 /* Tribal ScheduleTests */ = {
			isa = PBXFileSystemSynchronizedRootGroup;
			path = "Tribal ScheduleTests";
			sourceTree = "<group>";
		};
		4D6CBB142CBB99BF00514D35 /* Tribal ScheduleUITests */ = {
			isa = PBXFileSystemSynchronizedRootGroup;
			path = "Tribal ScheduleUITests";
			sourceTree = "<group>";
		};
/* End PBXFileSystemSynchronizedRootGroup section */

/* Begin PBXFrameworksBuildPhase section */
		4D6CBAF42CBB99BC00514D35 /* Frameworks */ = {
			isa = PBXFrameworksBuildPhase;
			buildActionMask = 2147483647;
			files = (
			);
			runOnlyForDeploymentPostprocessing = 0;
		};
		4D6CBB042CBB99BF00514D35 /* Frameworks */ = {
			isa = PBXFrameworksBuildPhase;
			buildActionMask = 2147483647;
			files = (
			);
			runOnlyForDeploymentPostprocessing = 0;
		};
		4D6CBB0E2CBB99BF00514D35 /* Frameworks */ = {
			isa = PBXFrameworksBuildPhase;
			buildActionMask = 2147483647;
			files = (
			);
			runOnlyForDeploymentPostprocessing = 0;
		};
/* End PBXFrameworksBuildPhase section */

/* Begin PBXGroup section */
		4D6CBAEE2CBB99BC00514D35 = {
			isa = PBXGroup;
			children = (
				4D6CBAF92CBB99BC00514D35 /* Tribal Schedule */,
				4D6CBB0A2CBB99BF00514D35 /* Tribal ScheduleTests */,
				4D6CBB142CBB99BF00514D35 /* Tribal ScheduleUITests */,
				4D3F18EA2CBC501E00079F53 /* Tribal Schedule.app */,
				4D3F18EB2CBC501E00079F53 /* Tribal ScheduleTests.xctest */,
				4D3F18EC2CBC501E00079F53 /* Tribal ScheduleUITests.xctest */,
			);
			sourceTree = "<group>";
		};
/* End PBXGroup section */

/* Begin PBXNativeTarget section */
		4D6CBAF62CBB99BC00514D35 /* Tribal Schedule */ = {
			isa = PBXNativeTarget;
			buildConfigurationList = 4D6CBB1B2CBB99BF00514D35 /* Build configuration list for PBXNativeTarget "Tribal Schedule" */;
			buildPhases = (
				4D6CBAF32CBB99BC00514D35 /* Sources */,
				4D6CBAF42CBB99BC00514D35 /* Frameworks */,
				4D6CBAF52CBB99BC00514D35 /* Resources */,
			);
			buildRules = (
			);
			dependencies = (
			);
			fileSystemSynchronizedGroups = (
				4D6CBAF92CBB99BC00514D35 /* Tribal Schedule */,
			);
			name = "Tribal Schedule";
			packageProductDependencies = (
			);
			productName = "Tribal Schedule";
			productReference = 4D3F18EA2CBC501E00079F53 /* Tribal Schedule.app */;
			productType = "com.apple.product-type.application";
		};
		4D6CBB062CBB99BF00514D35 /* Tribal ScheduleTests */ = {
			isa = PBXNativeTarget;
			buildConfigurationList = 4D6CBB1E2CBB99BF00514D35 /* Build configuration list for PBXNativeTarget "Tribal ScheduleTests" */;
			buildPhases = (
				4D6CBB032CBB99BF00514D35 /* Sources */,
				4D6CBB042CBB99BF00514D35 /* Frameworks */,
				4D6CBB052CBB99BF00514D35 /* Resources */,
			);
			buildRules = (
			);
			dependencies = (
				4D6CBB092CBB99BF00514D35 /* PBXTargetDependency */,
			);
			fileSystemSynchronizedGroups = (
				4D6CBB0A2CBB99BF00514D35 /* Tribal ScheduleTests */,
			);
			name = "Tribal ScheduleTests";
			packageProductDependencies = (
			);
			productName = "Tribal ScheduleTests";
			productReference = 4D3F18EB2CBC501E00079F53 /* Tribal ScheduleTests.xctest */;
			productType = "com.apple.product-type.bundle.unit-test";
		};
		4D6CBB102CBB99BF00514D35 /* Tribal ScheduleUITests */ = {
			isa = PBXNativeTarget;
			buildConfigurationList = 4D6CBB212CBB99BF00514D35 /* Build configuration list for PBXNativeTarget "Tribal ScheduleUITests" */;
			buildPhases = (
				4D6CBB0D2CBB99BF00514D35 /* Sources */,
				4D6CBB0E2CBB99BF00514D35 /* Frameworks */,
				4D6CBB0F2CBB99BF00514D35 /* Resources */,
			);
			buildRules = (
			);
			dependencies = (
				4D6CBB132CBB99BF00514D35 /* PBXTargetDependency */,
			);
			fileSystemSynchronizedGroups = (
				4D6CBB142CBB99BF00514D35 /* Tribal ScheduleUITests */,
			);
			name = "Tribal ScheduleUITests";
			packageProductDependencies = (
			);
			productName = "Tribal ScheduleUITests";
			productReference = 4D3F18EC2CBC501E00079F53 /* Tribal ScheduleUITests.xctest */;
			productType = "com.apple.product-type.bundle.ui-testing";
		};
/* End PBXNativeTarget section */

/* Begin PBXProject section */
		4D6CBAEF2CBB99BC00514D35 /* Project object */ = {
			isa = PBXProject;
			attributes = {
				BuildIndependentTargetsInParallel = 1;
				LastSwiftUpdateCheck = 1600;
				LastUpgradeCheck = 1600;
				TargetAttributes = {
					4D6CBAF62CBB99BC00514D35 = {
						CreatedOnToolsVersion = 16.0;
					};
					4D6CBB062CBB99BF00514D35 = {
						CreatedOnToolsVersion = 16.0;
						TestTargetID = 4D6CBAF62CBB99BC00514D35;
					};
					4D6CBB102CBB99BF00514D35 = {
						CreatedOnToolsVersion = 16.0;
						TestTargetID = 4D6CBAF62CBB99BC00514D35;
					};
				};
			};
			buildConfigurationList = 4D6CBAF22CBB99BC00514D35 /* Build configuration list for PBXProject "Tribal Schedule" */;
			developmentRegion = en;
			hasScannedForEncodings = 0;
			knownRegions = (
				en,
				Base,
			);
			mainGroup = 4D6CBAEE2CBB99BC00514D35;
			minimizedProjectReferenceProxies = 1;
			preferredProjectObjectVersion = 77;
			productRefGroup = 4D6CBAEE2CBB99BC00514D35;
			projectDirPath = "";
			projectRoot = "";
			targets = (
				4D6CBAF62CBB99BC00514D35 /* Tribal Schedule */,
				4D6CBB062CBB99BF00514D35 /* Tribal ScheduleTests */,
				4D6CBB102CBB99BF00514D35 /* Tribal ScheduleUITests */,
			);
		};
/* End PBXProject section */

/* Begin PBXResourcesBuildPhase section */
		4D6CBAF52CBB99BC00514D35 /* Resources */ = {
			isa = PBXResourcesBuildPhase;
			buildActionMask = 2147483647;
			files = (
			);
			runOnlyForDeploymentPostprocessing = 0;
		};
		4D6CBB052CBB99BF00514D35 /* Resources */ = {
			isa = PBXResourcesBuildPhase;
			buildActionMask = 2147483647;
			files = (
			);
			runOnlyForDeploymentPostprocessing = 0;
		};
		4D6CBB0F2CBB99BF00514D35 /* Resources */ = {
			isa = PBXResourcesBuildPhase;
			buildActionMask = 2147483647;
			files = (
			);
			runOnlyForDeploymentPostprocessing = 0;
		};
/* End PBXResourcesBuildPhase section */

/* Begin PBXSourcesBuildPhase section */
		4D6CBAF32CBB99BC00514D35 /* Sources */ = {
			isa = PBXSourcesBuildPhase;
			buildActionMask = 2147483647;
			files = (
			);
			runOnlyForDeploymentPostprocessing = 0;
		};
		4D6CBB032CBB99BF00514D35 /* Sources */ = {
			isa = PBXSourcesBuildPhase;
			buildActionMask = 2147483647;
			files = (
			);
			runOnlyForDeploymentPostprocessing = 0;
		};
		4D6CBB0D2CBB99BF00514D35 /* Sources */ = {
			isa = PBXSourcesBuildPhase;
			buildActionMask = 2147483647;
			files = (
			);
			runOnlyForDeploymentPostprocessing = 0;
		};
/* End PBXSourcesBuildPhase section */

/* Begin PBXTargetDependency section */
		4D6CBB092CBB99BF00514D35 /* PBXTargetDependency */ = {
			isa = PBXTargetDependency;
			target = 4D6CBAF62CBB99BC00514D35 /* Tribal Schedule */;
			targetProxy = 4D6CBB082CBB99BF00514D35 /* PBXContainerItemProxy */;
		};
		4D6CBB132CBB99BF00514D35 /* PBXTargetDependency */ = {
			isa = PBXTargetDependency;
			target = 4D6CBAF62CBB99BC00514D35 /* Tribal Schedule */;
			targetProxy = 4D6CBB122CBB99BF00514D35 /* PBXContainerItemProxy */;
		};
/* End PBXTargetDependency section */

/* Begin XCBuildConfiguration section */
		4D6CBB192CBB99BF00514D35 /* Debug */ = {
			isa = XCBuildConfiguration;
			buildSettings = {
				ALWAYS_SEARCH_USER_PATHS = NO;
				ASSETCATALOG_COMPILER_GENERATE_SWIFT_ASSET_SYMBOL_EXTENSIONS = YES;
				CLANG_ANALYZER_NONNULL = YES;
				CLANG_ANALYZER_NUMBER_OBJECT_CONVERSION = YES_AGGRESSIVE;
				CLANG_CXX_LANGUAGE_STANDARD = "gnu++20";
				CLANG_ENABLE_MODULES = YES;
				CLANG_ENABLE_OBJC_ARC = YES;
				CLANG_ENABLE_OBJC_WEAK = YES;
				CLANG_WARN_BLOCK_CAPTURE_AUTORELEASING = YES;
				CLANG_WARN_BOOL_CONVERSION = YES;
				CLANG_WARN_COMMA = YES;
				CLANG_WARN_CONSTANT_CONVERSION = YES;
				CLANG_WARN_DEPRECATED_OBJC_IMPLEMENTATIONS = YES;
				CLANG_WARN_DIRECT_OBJC_ISA_USAGE = YES_ERROR;
				CLANG_WARN_DOCUMENTATION_COMMENTS = YES;
				CLANG_WARN_EMPTY_BODY = YES;
				CLANG_WARN_ENUM_CONVERSION = YES;
				CLANG_WARN_INFINITE_RECURSION = YES;
				CLANG_WARN_INT_CONVERSION = YES;
				CLANG_WARN_NON_LITERAL_NULL_CONVERSION = YES;
				CLANG_WARN_OBJC_IMPLICIT_RETAIN_SELF = YES;
				CLANG_WARN_OBJC_LITERAL_CONVERSION = YES;
				CLANG_WARN_OBJC_ROOT_CLASS = YES_ERROR;
				CLANG_WARN_QUOTED_INCLUDE_IN_FRAMEWORK_HEADER = YES;
				CLANG_WARN_RANGE_LOOP_ANALYSIS = YES;
				CLANG_WARN_STRICT_PROTOTYPES = YES;
				CLANG_WARN_SUSPICIOUS_MOVE = YES;
				CLANG_WARN_UNGUARDED_AVAILABILITY = YES_AGGRESSIVE;
				CLANG_WARN_UNREACHABLE_CODE = YES;
				CLANG_WARN__DUPLICATE_METHOD_MATCH = YES;
				COPY_PHASE_STRIP = NO;
				DEBUG_INFORMATION_FORMAT = dwarf;
				ENABLE_STRICT_OBJC_MSGSEND = YES;
				ENABLE_TESTABILITY = YES;
				ENABLE_USER_SCRIPT_SANDBOXING = YES;
				GCC_C_LANGUAGE_STANDARD = gnu17;
				GCC_DYNAMIC_NO_PIC = NO;
				GCC_NO_COMMON_BLOCKS = YES;
				GCC_OPTIMIZATION_LEVEL = 0;
				GCC_PREPROCESSOR_DEFINITIONS = (
					"DEBUG=1",
					"$(inherited)",
				);
				GCC_WARN_64_TO_32_BIT_CONVERSION = YES;
				GCC_WARN_ABOUT_RETURN_TYPE = YES_ERROR;
				GCC_WARN_UNDECLARED_SELECTOR = YES;
				GCC_WARN_UNINITIALIZED_AUTOS = YES_AGGRESSIVE;
				GCC_WARN_UNUSED_FUNCTION = YES;
				GCC_WARN_UNUSED_VARIABLE = YES;
				IPHONEOS_DEPLOYMENT_TARGET = 18.0;
				LOCALIZATION_PREFERS_STRING_CATALOGS = YES;
				MTL_ENABLE_DEBUG_INFO = INCLUDE_SOURCE;
				MTL_FAST_MATH = YES;
				ONLY_ACTIVE_ARCH = YES;
				SDKROOT = iphoneos;
				SWIFT_ACTIVE_COMPILATION_CONDITIONS = "DEBUG $(inherited)";
				SWIFT_OPTIMIZATION_LEVEL = "-Onone";
			};
			name = Debug;
		};
		4D6CBB1A2CBB99BF00514D35 /* Release */ = {
			isa = XCBuildConfiguration;
			buildSettings = {
				ALWAYS_SEARCH_USER_PATHS = NO;
				ASSETCATALOG_COMPILER_GENERATE_SWIFT_ASSET_SYMBOL_EXTENSIONS = YES;
				CLANG_ANALYZER_NONNULL = YES;
				CLANG_ANALYZER_NUMBER_OBJECT_CONVERSION = YES_AGGRESSIVE;
				CLANG_CXX_LANGUAGE_STANDARD = "gnu++20";
				CLANG_ENABLE_MODULES = YES;
				CLANG_ENABLE_OBJC_ARC = YES;
				CLANG_ENABLE_OBJC_WEAK = YES;
				CLANG_WARN_BLOCK_CAPTURE_AUTORELEASING = YES;
				CLANG_WARN_BOOL_CONVERSION = YES;
				CLANG_WARN_COMMA = YES;
				CLANG_WARN_CONSTANT_CONVERSION = YES;
				CLANG_WARN_DEPRECATED_OBJC_IMPLEMENTATIONS = YES;
				CLANG_WARN_DIRECT_OBJC_ISA_USAGE = YES_ERROR;
				CLANG_WARN_DOCUMENTATION_COMMENTS = YES;
				CLANG_WARN_EMPTY_BODY = YES;
				CLANG_WARN_ENUM_CONVERSION = YES;
				CLANG_WARN_INFINITE_RECURSION = YES;
				CLANG_WARN_INT_CONVERSION = YES;
				CLANG_WARN_NON_LITERAL_NULL_CONVERSION = YES;
				CLANG_WARN_OBJC_IMPLICIT_RETAIN_SELF = YES;
				CLANG_WARN_OBJC_LITERAL_CONVERSION = YES;
				CLANG_WARN_OBJC_ROOT_CLASS = YES_ERROR;
				CLANG_WARN_QUOTED_INCLUDE_IN_FRAMEWORK_HEADER = YES;
				CLANG_WARN_RANGE_LOOP_ANALYSIS = YES;
				CLANG_WARN_STRICT_PROTOTYPES = YES;
				CLANG_WARN_SUSPICIOUS_MOVE = YES;
				CLANG_WARN_UNGUARDED_AVAILABILITY = YES_AGGRESSIVE;
				CLANG_WARN_UNREACHABLE_CODE = YES;
				CLANG_WARN__DUPLICATE_METHOD_MATCH = YES;
				COPY_PHASE_STRIP = NO;
				DEBUG_INFORMATION_FORMAT = "dwarf-with-dsym";
				ENABLE_NS_ASSERTIONS = NO;
				ENABLE_STRICT_OBJC_MSGSEND = YES;
				ENABLE_USER_SCRIPT_SANDBOXING = YES;
				GCC_C_LANGUAGE_STANDARD = gnu17;
				GCC_NO_COMMON_BLOCKS = YES;
				GCC_WARN_64_TO_32_BIT_CONVERSION = YES;
				GCC_WARN_ABOUT_RETURN_TYPE = YES_ERROR;
				GCC_WARN_UNDECLARED_SELECTOR = YES;
				GCC_WARN_UNINITIALIZED_AUTOS = YES_AGGRESSIVE;
				GCC_WARN_UNUSED_FUNCTION = YES;
				GCC_WARN_UNUSED_VARIABLE = YES;
				IPHONEOS_DEPLOYMENT_TARGET = 18.0;
				LOCALIZATION_PREFERS_STRING_CATALOGS = YES;
				MTL_ENABLE_DEBUG_INFO = NO;
				MTL_FAST_MATH = YES;
				SDKROOT = iphoneos;
				SWIFT_COMPILATION_MODE = wholemodule;
				VALIDATE_PRODUCT = YES;
			};
			name = Release;
		};
		4D6CBB1C2CBB99BF00514D35 /* Debug */ = {
			isa = XCBuildConfiguration;
			buildSettings = {
				ASSETCATALOG_COMPILER_APPICON_NAME = AppIcon;
				ASSETCATALOG_COMPILER_GLOBAL_ACCENT_COLOR_NAME = AccentColor;
				CODE_SIGN_STYLE = Automatic;
				CURRENT_PROJECT_VERSION = 1;
				DEVELOPMENT_ASSET_PATHS = "\"Tribal Schedule/Preview Content\"";
				DEVELOPMENT_TEAM = 8FMP9HM2V7;
				ENABLE_PREVIEWS = YES;
				GENERATE_INFOPLIST_FILE = YES;
				INFOPLIST_KEY_UIApplicationSceneManifest_Generation = YES;
				INFOPLIST_KEY_UIApplicationSupportsIndirectInputEvents = YES;
				INFOPLIST_KEY_UILaunchScreen_Generation = YES;
				INFOPLIST_KEY_UISupportedInterfaceOrientations_iPad = "UIInterfaceOrientationPortrait UIInterfaceOrientationPortraitUpsideDown UIInterfaceOrientationLandscapeLeft UIInterfaceOrientationLandscapeRight";
				INFOPLIST_KEY_UISupportedInterfaceOrientations_iPhone = "UIInterfaceOrientationPortrait UIInterfaceOrientationLandscapeLeft UIInterfaceOrientationLandscapeRight";
				IPHONEOS_DEPLOYMENT_TARGET = 15.6;
				LD_RUNPATH_SEARCH_PATHS = (
					"$(inherited)",
					"@executable_path/Frameworks",
				);
				MARKETING_VERSION = 1.0;
				PRODUCT_BUNDLE_IDENTIFIER = "LFB.Tribal-Schedule";
				PRODUCT_NAME = "$(TARGET_NAME)";
				SWIFT_EMIT_LOC_STRINGS = YES;
				SWIFT_VERSION = 5.0;
				TARGETED_DEVICE_FAMILY = "1,2";
			};
			name = Debug;
		};
		4D6CBB1D2CBB99BF00514D35 /* Release */ = {
			isa = XCBuildConfiguration;
			buildSettings = {
				ASSETCATALOG_COMPILER_APPICON_NAME = AppIcon;
				ASSETCATALOG_COMPILER_GLOBAL_ACCENT_COLOR_NAME = AccentColor;
				CODE_SIGN_STYLE = Automatic;
				CURRENT_PROJECT_VERSION = 1;
				DEVELOPMENT_ASSET_PATHS = "\"Tribal Schedule/Preview Content\"";
				DEVELOPMENT_TEAM = 8FMP9HM2V7;
				ENABLE_PREVIEWS = YES;
				GENERATE_INFOPLIST_FILE = YES;
				INFOPLIST_KEY_UIApplicationSceneManifest_Generation = YES;
				INFOPLIST_KEY_UIApplicationSupportsIndirectInputEvents = YES;
				INFOPLIST_KEY_UILaunchScreen_Generation = YES;
				INFOPLIST_KEY_UISupportedInterfaceOrientations_iPad = "UIInterfaceOrientationPortrait UIInterfaceOrientationPortraitUpsideDown UIInterfaceOrientationLandscapeLeft UIInterfaceOrientationLandscapeRight";
				INFOPLIST_KEY_UISupportedInterfaceOrientations_iPhone = "UIInterfaceOrientationPortrait UIInterfaceOrientationLandscapeLeft UIInterfaceOrientationLandscapeRight";
				IPHONEOS_DEPLOYMENT_TARGET = 15.6;
				LD_RUNPATH_SEARCH_PATHS = (
					"$(inherited)",
					"@executable_path/Frameworks",
				);
				MARKETING_VERSION = 1.0;
				PRODUCT_BUNDLE_IDENTIFIER = "LFB.Tribal-Schedule";
				PRODUCT_NAME = "$(TARGET_NAME)";
				SWIFT_EMIT_LOC_STRINGS = YES;
				SWIFT_VERSION = 5.0;
				TARGETED_DEVICE_FAMILY = "1,2";
			};
			name = Release;
		};
		4D6CBB1F2CBB99BF00514D35 /* Debug */ = {
			isa = XCBuildConfiguration;
			buildSettings = {
				BUNDLE_LOADER = "$(TEST_HOST)";
				CODE_SIGN_STYLE = Automatic;
				CURRENT_PROJECT_VERSION = 1;
				DEVELOPMENT_TEAM = 8FMP9HM2V7;
				GENERATE_INFOPLIST_FILE = YES;
				IPHONEOS_DEPLOYMENT_TARGET = 18.0;
				MARKETING_VERSION = 1.0;
				PRODUCT_BUNDLE_IDENTIFIER = "LFB.Tribal-ScheduleTests";
				PRODUCT_NAME = "$(TARGET_NAME)";
				SWIFT_EMIT_LOC_STRINGS = NO;
				SWIFT_VERSION = 5.0;
				TARGETED_DEVICE_FAMILY = "1,2";
				TEST_HOST = "$(BUILT_PRODUCTS_DIR)/Tribal Schedule.app/$(BUNDLE_EXECUTABLE_FOLDER_PATH)/Tribal Schedule";
			};
			name = Debug;
		};
		4D6CBB202CBB99BF00514D35 /* Release */ = {
			isa = XCBuildConfiguration;
			buildSettings = {
				BUNDLE_LOADER = "$(TEST_HOST)";
				CODE_SIGN_STYLE = Automatic;
				CURRENT_PROJECT_VERSION = 1;
				DEVELOPMENT_TEAM = 8FMP9HM2V7;
				GENERATE_INFOPLIST_FILE = YES;
				IPHONEOS_DEPLOYMENT_TARGET = 18.0;
				MARKETING_VERSION = 1.0;
				PRODUCT_BUNDLE_IDENTIFIER = "LFB.Tribal-ScheduleTests";
				PRODUCT_NAME = "$(TARGET_NAME)";
				SWIFT_EMIT_LOC_STRINGS = NO;
				SWIFT_VERSION = 5.0;
				TARGETED_DEVICE_FAMILY = "1,2";
				TEST_HOST = "$(BUILT_PRODUCTS_DIR)/Tribal Schedule.app/$(BUNDLE_EXECUTABLE_FOLDER_PATH)/Tribal Schedule";
			};
			name = Release;
		};
		4D6CBB222CBB99BF00514D35 /* Debug */ = {
			isa = XCBuildConfiguration;
			buildSettings = {
				CODE_SIGN_STYLE = Automatic;
				CURRENT_PROJECT_VERSION = 1;
				DEVELOPMENT_TEAM = 8FMP9HM2V7;
				GENERATE_INFOPLIST_FILE = YES;
				MARKETING_VERSION = 1.0;
				PRODUCT_BUNDLE_IDENTIFIER = "LFB.Tribal-ScheduleUITests";
				PRODUCT_NAME = "$(TARGET_NAME)";
				SWIFT_EMIT_LOC_STRINGS = NO;
				SWIFT_VERSION = 5.0;
				TARGETED_DEVICE_FAMILY = "1,2";
				TEST_TARGET_NAME = "Tribal Schedule";
			};
			name = Debug;
		};
		4D6CBB232CBB99BF00514D35 /* Release */ = {
			isa = XCBuildConfiguration;
			buildSettings = {
				CODE_SIGN_STYLE = Automatic;
				CURRENT_PROJECT_VERSION = 1;
				DEVELOPMENT_TEAM = 8FMP9HM2V7;
				GENERATE_INFOPLIST_FILE = YES;
				MARKETING_VERSION = 1.0;
				PRODUCT_BUNDLE_IDENTIFIER = "LFB.Tribal-ScheduleUITests";
				PRODUCT_NAME = "$(TARGET_NAME)";
				SWIFT_EMIT_LOC_STRINGS = NO;
				SWIFT_VERSION = 5.0;
				TARGETED_DEVICE_FAMILY = "1,2";
				TEST_TARGET_NAME = "Tribal Schedule";
			};
			name = Release;
		};
/* End XCBuildConfiguration section */

/* Begin XCConfigurationList section */
		4D6CBAF22CBB99BC00514D35 /* Build configuration list for PBXProject "Tribal Schedule" */ = {
			isa = XCConfigurationList;
			buildConfigurations = (
				4D6CBB192CBB99BF00514D35 /* Debug */,
				4D6CBB1A2CBB99BF00514D35 /* Release */,
			);
			defaultConfigurationIsVisible = 0;
			defaultConfigurationName = Release;
		};
		4D6CBB1B2CBB99BF00514D35 /* Build configuration list for PBXNativeTarget "Tribal Schedule" */ = {
			isa = XCConfigurationList;
			buildConfigurations = (
				4D6CBB1C2CBB99BF00514D35 /* Debug */,
				4D6CBB1D2CBB99BF00514D35 /* Release */,
			);
			defaultConfigurationIsVisible = 0;
			defaultConfigurationName = Release;
		};
		4D6CBB1E2CBB99BF00514D35 /* Build configuration list for PBXNativeTarget "Tribal ScheduleTests" */ = {
			isa = XCConfigurationList;
			buildConfigurations = (
				4D6CBB1F2CBB99BF00514D35 /* Debug */,
				4D6CBB202CBB99BF00514D35 /* Release */,
			);
			defaultConfigurationIsVisible = 0;
			defaultConfigurationName = Release;
		};
		4D6CBB212CBB99BF00514D35 /* Build configuration list for PBXNativeTarget "Tribal ScheduleUITests" */ = {
			isa = XCConfigurationList;
			buildConfigurations = (
				4D6CBB222CBB99BF00514D35 /* Debug */,
				4D6CBB232CBB99BF00514D35 /* Release */,
			);
			defaultConfigurationIsVisible = 0;
			defaultConfigurationName = Release;
		};
/* End XCConfigurationList section */
	};
	rootObject = 4D6CBAEF2CBB99BC00514D35 /* Project object */;
}
